
Microsoft Visual Studio Solution File, Format Version 12.00
# Visual Studio Version 16
VisualStudioVersion = 16.0.30011.22
MinimumVisualStudioVersion = 10.0.40219.1
Project("{FAE04EC0-301F-11D3-BF4B-00C04F79EFBC}") = "SortListDemo", "SortListDemo\SortListDemo.csproj", "{9FF0D63E-B748-4B71-A020-FC282B10D871}"
EndProject
Global
	GlobalSection(SolutionConfigurationPlatforms) = preSolution
		Debug|Any CPU = Debug|Any CPU
		Release|Any CPU = Release|Any CPU
	EndGlobalSection
	GlobalSection(ProjectConfigurationPlatforms) = postSolution
		{9FF0D63E-B748-4B71-A020-FC282B10D871}.Debug|Any CPU.ActiveCfg = Debug|Any CPU
		{9FF0D63E-B748-4B71-A020-FC282B10D871}.Debug|Any CPU.Build.0 = Debug|Any CPU
		{9FF0D63E-B748-4B71-A020-FC282B10D871}.Release|Any CPU.ActiveCfg = Release|Any CPU
		{9FF0D63E-B748-4B71-A020-FC282B10D871}.Release|Any CPU.Build.0 = Release|Any CPU
	EndGlobalSection
	GlobalSection(SolutionProperties) = preSolution
		HideSolutionNode = FALSE
	EndGlobalSection
	GlobalSection(ExtensibilityGlobals) = postSolution
		SolutionGuid = {F73AD0F6-0120-4DB2-AFE7-B1492496C989}
	EndGlobalSection
EndGlobal
