
Microsoft Visual Studio Solution File, Format Version 12.00
# Visual Studio Version 16
VisualStudioVersion = 16.0.30011.22
MinimumVisualStudioVersion = 10.0.40219.1
Project("{9A19103F-16F7-4668-BE54-9A1E7A4F7556}") = "ÔNTẬPMOUDEL2", "ÔNTẬPMOUDEL2\ÔNTẬPMOUDEL2.csproj", "{63399E71-6C39-4EFD-B0C3-95D6A7A52C3F}"
EndProject
Project("{9A19103F-16F7-4668-BE54-9A1E7A4F7556}") = "Themphantu", "Themphantu\Themphantu.csproj", "{1FCE999A-2D29-4307-B861-29B139BEAE86}"
EndProject
Project("{FAE04EC0-301F-11D3-BF4B-00C04F79EFBC}") = "BaitapDemo", "BaitapDemo\BaitapDemo.csproj", "{ADC9DCD5-752B-494E-8EBC-4191E30DFF97}"
EndProject
Global
	GlobalSection(SolutionConfigurationPlatforms) = preSolution
		Debug|Any CPU = Debug|Any CPU
		Release|Any CPU = Release|Any CPU
	EndGlobalSection
	GlobalSection(ProjectConfigurationPlatforms) = postSolution
		{63399E71-6C39-4EFD-B0C3-95D6A7A52C3F}.Debug|Any CPU.ActiveCfg = Debug|Any CPU
		{63399E71-6C39-4EFD-B0C3-95D6A7A52C3F}.Debug|Any CPU.Build.0 = Debug|Any CPU
		{63399E71-6C39-4EFD-B0C3-95D6A7A52C3F}.Release|Any CPU.ActiveCfg = Release|Any CPU
		{63399E71-6C39-4EFD-B0C3-95D6A7A52C3F}.Release|Any CPU.Build.0 = Release|Any CPU
		{1FCE999A-2D29-4307-B861-29B139BEAE86}.Debug|Any CPU.ActiveCfg = Debug|Any CPU
		{1FCE999A-2D29-4307-B861-29B139BEAE86}.Debug|Any CPU.Build.0 = Debug|Any CPU
		{1FCE999A-2D29-4307-B861-29B139BEAE86}.Release|Any CPU.ActiveCfg = Release|Any CPU
		{1FCE999A-2D29-4307-B861-29B139BEAE86}.Release|Any CPU.Build.0 = Release|Any CPU
		{ADC9DCD5-752B-494E-8EBC-4191E30DFF97}.Debug|Any CPU.ActiveCfg = Debug|Any CPU
		{ADC9DCD5-752B-494E-8EBC-4191E30DFF97}.Debug|Any CPU.Build.0 = Debug|Any CPU
		{ADC9DCD5-752B-494E-8EBC-4191E30DFF97}.Release|Any CPU.ActiveCfg = Release|Any CPU
		{ADC9DCD5-752B-494E-8EBC-4191E30DFF97}.Release|Any CPU.Build.0 = Release|Any CPU
	EndGlobalSection
	GlobalSection(SolutionProperties) = preSolution
		HideSolutionNode = FALSE
	EndGlobalSection
	GlobalSection(ExtensibilityGlobals) = postSolution
		SolutionGuid = {8C29541F-6D1E-4DC6-A1C7-F090DF2B0D5C}
	EndGlobalSection
EndGlobal
