
Microsoft Visual Studio Solution File, Format Version 12.00
# Visual Studio Version 16
VisualStudioVersion = 16.0.30011.22
MinimumVisualStudioVersion = 10.0.40219.1
Project("{FAE04EC0-301F-11D3-BF4B-00C04F79EFBC}") = "thuattoansapxep2", "thuattoansapxep2\thuattoansapxep2.csproj", "{D488B0F5-98D9-43E6-9FE4-83CDBB910995}"
EndProject
Project("{FAE04EC0-301F-11D3-BF4B-00C04F79EFBC}") = "Sapxepchen", "Sapxepchen\Sapxepchen.csproj", "{D4AC11F1-F24D-4B3F-892E-2C72BECB36A8}"
EndProject
Project("{FAE04EC0-301F-11D3-BF4B-00C04F79EFBC}") = "Sapxepchon", "Sapxepchon\Sapxepchon.csproj", "{FFD994CA-A9ED-4095-86D6-786F2834F857}"
EndProject
Global
	GlobalSection(SolutionConfigurationPlatforms) = preSolution
		Debug|Any CPU = Debug|Any CPU
		Release|Any CPU = Release|Any CPU
	EndGlobalSection
	GlobalSection(ProjectConfigurationPlatforms) = postSolution
		{D488B0F5-98D9-43E6-9FE4-83CDBB910995}.Debug|Any CPU.ActiveCfg = Debug|Any CPU
		{D488B0F5-98D9-43E6-9FE4-83CDBB910995}.Debug|Any CPU.Build.0 = Debug|Any CPU
		{D488B0F5-98D9-43E6-9FE4-83CDBB910995}.Release|Any CPU.ActiveCfg = Release|Any CPU
		{D488B0F5-98D9-43E6-9FE4-83CDBB910995}.Release|Any CPU.Build.0 = Release|Any CPU
		{D4AC11F1-F24D-4B3F-892E-2C72BECB36A8}.Debug|Any CPU.ActiveCfg = Debug|Any CPU
		{D4AC11F1-F24D-4B3F-892E-2C72BECB36A8}.Debug|Any CPU.Build.0 = Debug|Any CPU
		{D4AC11F1-F24D-4B3F-892E-2C72BECB36A8}.Release|Any CPU.ActiveCfg = Release|Any CPU
		{D4AC11F1-F24D-4B3F-892E-2C72BECB36A8}.Release|Any CPU.Build.0 = Release|Any CPU
		{FFD994CA-A9ED-4095-86D6-786F2834F857}.Debug|Any CPU.ActiveCfg = Debug|Any CPU
		{FFD994CA-A9ED-4095-86D6-786F2834F857}.Debug|Any CPU.Build.0 = Debug|Any CPU
		{FFD994CA-A9ED-4095-86D6-786F2834F857}.Release|Any CPU.ActiveCfg = Release|Any CPU
		{FFD994CA-A9ED-4095-86D6-786F2834F857}.Release|Any CPU.Build.0 = Release|Any CPU
	EndGlobalSection
	GlobalSection(SolutionProperties) = preSolution
		HideSolutionNode = FALSE
	EndGlobalSection
	GlobalSection(ExtensibilityGlobals) = postSolution
		SolutionGuid = {769CA4F1-5A88-4A55-B3BF-8F9B648AB360}
	EndGlobalSection
EndGlobal
