
Microsoft Visual Studio Solution File, Format Version 12.00
# Visual Studio Version 16
VisualStudioVersion = 16.0.30011.22
MinimumVisualStudioVersion = 10.0.40219.1
Project("{9A19103F-16F7-4668-BE54-9A1E7A4F7556}") = "BaiTap1", "ExepctCafeDeMo\BaiTap1.csproj", "{ED3F8B00-D479-4128-88AB-1101A8CD1DC6}"
EndProject
Project("{FAE04EC0-301F-11D3-BF4B-00C04F79EFBC}") = "CafeDemo", "CafeDemo\CafeDemo.csproj", "{E5FA5384-A4FA-4FE5-BA72-C3B45EF14F77}"
EndProject
Global
	GlobalSection(SolutionConfigurationPlatforms) = preSolution
		Debug|Any CPU = Debug|Any CPU
		Release|Any CPU = Release|Any CPU
	EndGlobalSection
	GlobalSection(ProjectConfigurationPlatforms) = postSolution
		{ED3F8B00-D479-4128-88AB-1101A8CD1DC6}.Debug|Any CPU.ActiveCfg = Debug|Any CPU
		{ED3F8B00-D479-4128-88AB-1101A8CD1DC6}.Debug|Any CPU.Build.0 = Debug|Any CPU
		{ED3F8B00-D479-4128-88AB-1101A8CD1DC6}.Release|Any CPU.ActiveCfg = Release|Any CPU
		{ED3F8B00-D479-4128-88AB-1101A8CD1DC6}.Release|Any CPU.Build.0 = Release|Any CPU
		{E5FA5384-A4FA-4FE5-BA72-C3B45EF14F77}.Debug|Any CPU.ActiveCfg = Debug|Any CPU
		{E5FA5384-A4FA-4FE5-BA72-C3B45EF14F77}.Debug|Any CPU.Build.0 = Debug|Any CPU
		{E5FA5384-A4FA-4FE5-BA72-C3B45EF14F77}.Release|Any CPU.ActiveCfg = Release|Any CPU
		{E5FA5384-A4FA-4FE5-BA72-C3B45EF14F77}.Release|Any CPU.Build.0 = Release|Any CPU
	EndGlobalSection
	GlobalSection(SolutionProperties) = preSolution
		HideSolutionNode = FALSE
	EndGlobalSection
	GlobalSection(ExtensibilityGlobals) = postSolution
		SolutionGuid = {252DE175-8EF9-4C87-A408-D3C72FCE5B49}
	EndGlobalSection
EndGlobal
