
Microsoft Visual Studio Solution File, Format Version 12.00
# Visual Studio Version 16
VisualStudioVersion = 16.0.30011.22
MinimumVisualStudioVersion = 10.0.40219.1
Project("{FAE04EC0-301F-11D3-BF4B-00C04F79EFBC}") = "StackDemo1", "Stack\StackDemo1.csproj", "{C580C65A-D350-43BC-9EDB-22B05680408F}"
EndProject
Project("{FAE04EC0-301F-11D3-BF4B-00C04F79EFBC}") = "EnqueueDemo", "EnqueueDemo\EnqueueDemo.csproj", "{1E139347-9E00-4AC3-8F65-71A32348A40A}"
EndProject
Global
	GlobalSection(SolutionConfigurationPlatforms) = preSolution
		Debug|Any CPU = Debug|Any CPU
		Release|Any CPU = Release|Any CPU
	EndGlobalSection
	GlobalSection(ProjectConfigurationPlatforms) = postSolution
		{C580C65A-D350-43BC-9EDB-22B05680408F}.Debug|Any CPU.ActiveCfg = Debug|Any CPU
		{C580C65A-D350-43BC-9EDB-22B05680408F}.Debug|Any CPU.Build.0 = Debug|Any CPU
		{C580C65A-D350-43BC-9EDB-22B05680408F}.Release|Any CPU.ActiveCfg = Release|Any CPU
		{C580C65A-D350-43BC-9EDB-22B05680408F}.Release|Any CPU.Build.0 = Release|Any CPU
		{1E139347-9E00-4AC3-8F65-71A32348A40A}.Debug|Any CPU.ActiveCfg = Debug|Any CPU
		{1E139347-9E00-4AC3-8F65-71A32348A40A}.Debug|Any CPU.Build.0 = Debug|Any CPU
		{1E139347-9E00-4AC3-8F65-71A32348A40A}.Release|Any CPU.ActiveCfg = Release|Any CPU
		{1E139347-9E00-4AC3-8F65-71A32348A40A}.Release|Any CPU.Build.0 = Release|Any CPU
	EndGlobalSection
	GlobalSection(SolutionProperties) = preSolution
		HideSolutionNode = FALSE
	EndGlobalSection
	GlobalSection(ExtensibilityGlobals) = postSolution
		SolutionGuid = {49E3B39B-1EEC-4B21-86D9-1AC39A941BCB}
	EndGlobalSection
EndGlobal
