
Microsoft Visual Studio Solution File, Format Version 12.00
# Visual Studio Version 16
VisualStudioVersion = 16.0.30011.22
MinimumVisualStudioVersion = 10.0.40219.1
Project("{9A19103F-16F7-4668-BE54-9A1E7A4F7556}") = "BaiTapDeMo", "BaiTapDeMo\BaiTapDeMo.csproj", "{4876D6C4-29C7-4C39-BF04-696EED5ADE50}"
EndProject
Project("{9A19103F-16F7-4668-BE54-9A1E7A4F7556}") = "LinkListDemo", "LinkListDemo\LinkListDemo.csproj", "{C9B08148-0647-46DE-9F01-4CAD72FDEA6B}"
EndProject
Project("{FAE04EC0-301F-11D3-BF4B-00C04F79EFBC}") = "Baitapanhkhoa", "Baitapanhkhoa\Baitapanhkhoa.csproj", "{BA68E265-0A97-444A-9084-0DCF1F8A6E4B}"
EndProject
Global
	GlobalSection(SolutionConfigurationPlatforms) = preSolution
		Debug|Any CPU = Debug|Any CPU
		Release|Any CPU = Release|Any CPU
	EndGlobalSection
	GlobalSection(ProjectConfigurationPlatforms) = postSolution
		{4876D6C4-29C7-4C39-BF04-696EED5ADE50}.Debug|Any CPU.ActiveCfg = Debug|Any CPU
		{4876D6C4-29C7-4C39-BF04-696EED5ADE50}.Debug|Any CPU.Build.0 = Debug|Any CPU
		{4876D6C4-29C7-4C39-BF04-696EED5ADE50}.Release|Any CPU.ActiveCfg = Release|Any CPU
		{4876D6C4-29C7-4C39-BF04-696EED5ADE50}.Release|Any CPU.Build.0 = Release|Any CPU
		{C9B08148-0647-46DE-9F01-4CAD72FDEA6B}.Debug|Any CPU.ActiveCfg = Debug|Any CPU
		{C9B08148-0647-46DE-9F01-4CAD72FDEA6B}.Debug|Any CPU.Build.0 = Debug|Any CPU
		{C9B08148-0647-46DE-9F01-4CAD72FDEA6B}.Release|Any CPU.ActiveCfg = Release|Any CPU
		{C9B08148-0647-46DE-9F01-4CAD72FDEA6B}.Release|Any CPU.Build.0 = Release|Any CPU
		{BA68E265-0A97-444A-9084-0DCF1F8A6E4B}.Debug|Any CPU.ActiveCfg = Debug|Any CPU
		{BA68E265-0A97-444A-9084-0DCF1F8A6E4B}.Debug|Any CPU.Build.0 = Debug|Any CPU
		{BA68E265-0A97-444A-9084-0DCF1F8A6E4B}.Release|Any CPU.ActiveCfg = Release|Any CPU
		{BA68E265-0A97-444A-9084-0DCF1F8A6E4B}.Release|Any CPU.Build.0 = Release|Any CPU
	EndGlobalSection
	GlobalSection(SolutionProperties) = preSolution
		HideSolutionNode = FALSE
	EndGlobalSection
	GlobalSection(ExtensibilityGlobals) = postSolution
		SolutionGuid = {6A097EC5-1D41-41EE-A767-7BDC340733B6}
	EndGlobalSection
EndGlobal
