
Microsoft Visual Studio Solution File, Format Version 12.00
# Visual Studio Version 16
VisualStudioVersion = 16.0.30011.22
MinimumVisualStudioVersion = 10.0.40219.1
Project("{FAE04EC0-301F-11D3-BF4B-00C04F79EFBC}") = "DictionnayDemo", "DictionnayDemo\DictionnayDemo.csproj", "{81B8F0E6-CA4F-4288-BDBA-DAF09C9A82B6}"
EndProject
Global
	GlobalSection(SolutionConfigurationPlatforms) = preSolution
		Debug|Any CPU = Debug|Any CPU
		Release|Any CPU = Release|Any CPU
	EndGlobalSection
	GlobalSection(ProjectConfigurationPlatforms) = postSolution
		{81B8F0E6-CA4F-4288-BDBA-DAF09C9A82B6}.Debug|Any CPU.ActiveCfg = Debug|Any CPU
		{81B8F0E6-CA4F-4288-BDBA-DAF09C9A82B6}.Debug|Any CPU.Build.0 = Debug|Any CPU
		{81B8F0E6-CA4F-4288-BDBA-DAF09C9A82B6}.Release|Any CPU.ActiveCfg = Release|Any CPU
		{81B8F0E6-CA4F-4288-BDBA-DAF09C9A82B6}.Release|Any CPU.Build.0 = Release|Any CPU
	EndGlobalSection
	GlobalSection(SolutionProperties) = preSolution
		HideSolutionNode = FALSE
	EndGlobalSection
	GlobalSection(ExtensibilityGlobals) = postSolution
		SolutionGuid = {171E30F4-E55D-4F07-86AD-BDCBAD0DEF14}
	EndGlobalSection
EndGlobal
