
Microsoft Visual Studio Solution File, Format Version 12.00
# Visual Studio Version 16
VisualStudioVersion = 16.0.30011.22
MinimumVisualStudioVersion = 10.0.40219.1
Project("{FAE04EC0-301F-11D3-BF4B-00C04F79EFBC}") = "Tonghieutich", "Tonghieutich\Tonghieutich.csproj", "{0D36F85A-9B33-4FA4-8DF0-D313190E87FA}"
EndProject
Global
	GlobalSection(SolutionConfigurationPlatforms) = preSolution
		Debug|Any CPU = Debug|Any CPU
		Release|Any CPU = Release|Any CPU
	EndGlobalSection
	GlobalSection(ProjectConfigurationPlatforms) = postSolution
		{0D36F85A-9B33-4FA4-8DF0-D313190E87FA}.Debug|Any CPU.ActiveCfg = Debug|Any CPU
		{0D36F85A-9B33-4FA4-8DF0-D313190E87FA}.Debug|Any CPU.Build.0 = Debug|Any CPU
		{0D36F85A-9B33-4FA4-8DF0-D313190E87FA}.Release|Any CPU.ActiveCfg = Release|Any CPU
		{0D36F85A-9B33-4FA4-8DF0-D313190E87FA}.Release|Any CPU.Build.0 = Release|Any CPU
	EndGlobalSection
	GlobalSection(SolutionProperties) = preSolution
		HideSolutionNode = FALSE
	EndGlobalSection
	GlobalSection(ExtensibilityGlobals) = postSolution
		SolutionGuid = {81CC091C-0768-472C-BFCD-6349B3722E05}
	EndGlobalSection
EndGlobal
