
Microsoft Visual Studio Solution File, Format Version 12.00
# Visual Studio Version 16
VisualStudioVersion = 16.0.30011.22
MinimumVisualStudioVersion = 10.0.40219.1
Project("{9A19103F-16F7-4668-BE54-9A1E7A4F7556}") = "Thuattoansapxep", "Thuattoansapxep\Thuattoansapxep.csproj", "{FB91C023-B953-4BE7-A17B-C84285972D0D}"
EndProject
Project("{9A19103F-16F7-4668-BE54-9A1E7A4F7556}") = "Thuattoantimkiemtuyentinh", "Thuattoantimkiem\Thuattoantimkiemtuyentinh.csproj", "{75725249-CB2E-434E-B213-F6F6A48C1530}"
EndProject
Project("{9A19103F-16F7-4668-BE54-9A1E7A4F7556}") = "ThuattoantimkiemnhiphanDequy", "Thuattoantimkiemnhiphan\ThuattoantimkiemnhiphanDequy.csproj", "{9E73B54C-4304-4A26-8702-F5FA0ADBF0B2}"
EndProject
Project("{9A19103F-16F7-4668-BE54-9A1E7A4F7556}") = "Thuattoantimkiemnhiphandemo", "Thuattoantimkiemnhiphandemo\Thuattoantimkiemnhiphandemo.csproj", "{F253D76B-08C9-498B-9C07-1B88E13FF317}"
EndProject
Project("{FAE04EC0-301F-11D3-BF4B-00C04F79EFBC}") = "thuattoantimkiemnhiphankhongdequy", "thuattoantimkiemnhiphankhongdequy\thuattoantimkiemnhiphankhongdequy.csproj", "{64AB02DA-E586-415F-802E-C77C8BB3CEF4}"
EndProject
Global
	GlobalSection(SolutionConfigurationPlatforms) = preSolution
		Debug|Any CPU = Debug|Any CPU
		Release|Any CPU = Release|Any CPU
	EndGlobalSection
	GlobalSection(ProjectConfigurationPlatforms) = postSolution
		{FB91C023-B953-4BE7-A17B-C84285972D0D}.Debug|Any CPU.ActiveCfg = Debug|Any CPU
		{FB91C023-B953-4BE7-A17B-C84285972D0D}.Debug|Any CPU.Build.0 = Debug|Any CPU
		{FB91C023-B953-4BE7-A17B-C84285972D0D}.Release|Any CPU.ActiveCfg = Release|Any CPU
		{FB91C023-B953-4BE7-A17B-C84285972D0D}.Release|Any CPU.Build.0 = Release|Any CPU
		{75725249-CB2E-434E-B213-F6F6A48C1530}.Debug|Any CPU.ActiveCfg = Debug|Any CPU
		{75725249-CB2E-434E-B213-F6F6A48C1530}.Debug|Any CPU.Build.0 = Debug|Any CPU
		{75725249-CB2E-434E-B213-F6F6A48C1530}.Release|Any CPU.ActiveCfg = Release|Any CPU
		{75725249-CB2E-434E-B213-F6F6A48C1530}.Release|Any CPU.Build.0 = Release|Any CPU
		{9E73B54C-4304-4A26-8702-F5FA0ADBF0B2}.Debug|Any CPU.ActiveCfg = Debug|Any CPU
		{9E73B54C-4304-4A26-8702-F5FA0ADBF0B2}.Debug|Any CPU.Build.0 = Debug|Any CPU
		{9E73B54C-4304-4A26-8702-F5FA0ADBF0B2}.Release|Any CPU.ActiveCfg = Release|Any CPU
		{9E73B54C-4304-4A26-8702-F5FA0ADBF0B2}.Release|Any CPU.Build.0 = Release|Any CPU
		{F253D76B-08C9-498B-9C07-1B88E13FF317}.Debug|Any CPU.ActiveCfg = Debug|Any CPU
		{F253D76B-08C9-498B-9C07-1B88E13FF317}.Debug|Any CPU.Build.0 = Debug|Any CPU
		{F253D76B-08C9-498B-9C07-1B88E13FF317}.Release|Any CPU.ActiveCfg = Release|Any CPU
		{F253D76B-08C9-498B-9C07-1B88E13FF317}.Release|Any CPU.Build.0 = Release|Any CPU
		{64AB02DA-E586-415F-802E-C77C8BB3CEF4}.Debug|Any CPU.ActiveCfg = Debug|Any CPU
		{64AB02DA-E586-415F-802E-C77C8BB3CEF4}.Debug|Any CPU.Build.0 = Debug|Any CPU
		{64AB02DA-E586-415F-802E-C77C8BB3CEF4}.Release|Any CPU.ActiveCfg = Release|Any CPU
		{64AB02DA-E586-415F-802E-C77C8BB3CEF4}.Release|Any CPU.Build.0 = Release|Any CPU
	EndGlobalSection
	GlobalSection(SolutionProperties) = preSolution
		HideSolutionNode = FALSE
	EndGlobalSection
	GlobalSection(ExtensibilityGlobals) = postSolution
		SolutionGuid = {12D34972-00E3-4CFB-96FB-62ACF159DF14}
	EndGlobalSection
EndGlobal
