
Microsoft Visual Studio Solution File, Format Version 12.00
# Visual Studio Version 16
VisualStudioVersion = 16.0.30011.22
MinimumVisualStudioVersion = 10.0.40219.1
Project("{9A19103F-16F7-4668-BE54-9A1E7A4F7556}") = "FanConsole", "FanConsole\FanConsole.csproj", "{29DB9C5C-8337-4D76-AFDD-EC4D3F2A8CA9}"
EndProject
Project("{9A19103F-16F7-4668-BE54-9A1E7A4F7556}") = "Laptrinhdoituong", "Laptrinhdoituong\Laptrinhdoituong.csproj", "{C4D413D6-0A58-4909-AD55-DF1206C9AFFD}"
EndProject
Project("{FAE04EC0-301F-11D3-BF4B-00C04F79EFBC}") = "Lap_trinh_doi_tuong2", "Lap_trinh_doi_tuong2\Lap_trinh_doi_tuong2.csproj", "{3218CC91-0EC9-49FC-8A07-CF60ED9EF15D}"
EndProject
Global
	GlobalSection(SolutionConfigurationPlatforms) = preSolution
		Debug|Any CPU = Debug|Any CPU
		Release|Any CPU = Release|Any CPU
	EndGlobalSection
	GlobalSection(ProjectConfigurationPlatforms) = postSolution
		{29DB9C5C-8337-4D76-AFDD-EC4D3F2A8CA9}.Debug|Any CPU.ActiveCfg = Debug|Any CPU
		{29DB9C5C-8337-4D76-AFDD-EC4D3F2A8CA9}.Debug|Any CPU.Build.0 = Debug|Any CPU
		{29DB9C5C-8337-4D76-AFDD-EC4D3F2A8CA9}.Release|Any CPU.ActiveCfg = Release|Any CPU
		{29DB9C5C-8337-4D76-AFDD-EC4D3F2A8CA9}.Release|Any CPU.Build.0 = Release|Any CPU
		{C4D413D6-0A58-4909-AD55-DF1206C9AFFD}.Debug|Any CPU.ActiveCfg = Debug|Any CPU
		{C4D413D6-0A58-4909-AD55-DF1206C9AFFD}.Debug|Any CPU.Build.0 = Debug|Any CPU
		{C4D413D6-0A58-4909-AD55-DF1206C9AFFD}.Release|Any CPU.ActiveCfg = Release|Any CPU
		{C4D413D6-0A58-4909-AD55-DF1206C9AFFD}.Release|Any CPU.Build.0 = Release|Any CPU
		{3218CC91-0EC9-49FC-8A07-CF60ED9EF15D}.Debug|Any CPU.ActiveCfg = Debug|Any CPU
		{3218CC91-0EC9-49FC-8A07-CF60ED9EF15D}.Debug|Any CPU.Build.0 = Debug|Any CPU
		{3218CC91-0EC9-49FC-8A07-CF60ED9EF15D}.Release|Any CPU.ActiveCfg = Release|Any CPU
		{3218CC91-0EC9-49FC-8A07-CF60ED9EF15D}.Release|Any CPU.Build.0 = Release|Any CPU
	EndGlobalSection
	GlobalSection(SolutionProperties) = preSolution
		HideSolutionNode = FALSE
	EndGlobalSection
	GlobalSection(ExtensibilityGlobals) = postSolution
		SolutionGuid = {89A0AF89-F82D-4118-80AF-28705015E339}
	EndGlobalSection
EndGlobal
