
Microsoft Visual Studio Solution File, Format Version 12.00
# Visual Studio Version 16
VisualStudioVersion = 16.0.30011.22
MinimumVisualStudioVersion = 10.0.40219.1
Project("{9A19103F-16F7-4668-BE54-9A1E7A4F7556}") = "InterFace", "InterFace\InterFace.csproj", "{69A5301E-2495-419B-9A36-40DE96FFDB7F}"
EndProject
Project("{FAE04EC0-301F-11D3-BF4B-00C04F79EFBC}") = "Comparse", "Comparse\Comparse.csproj", "{2B67FE5A-854F-4F07-8184-6D64CC3BF645}"
EndProject
Global
	GlobalSection(SolutionConfigurationPlatforms) = preSolution
		Debug|Any CPU = Debug|Any CPU
		Release|Any CPU = Release|Any CPU
	EndGlobalSection
	GlobalSection(ProjectConfigurationPlatforms) = postSolution
		{69A5301E-2495-419B-9A36-40DE96FFDB7F}.Debug|Any CPU.ActiveCfg = Debug|Any CPU
		{69A5301E-2495-419B-9A36-40DE96FFDB7F}.Debug|Any CPU.Build.0 = Debug|Any CPU
		{69A5301E-2495-419B-9A36-40DE96FFDB7F}.Release|Any CPU.ActiveCfg = Release|Any CPU
		{69A5301E-2495-419B-9A36-40DE96FFDB7F}.Release|Any CPU.Build.0 = Release|Any CPU
		{2B67FE5A-854F-4F07-8184-6D64CC3BF645}.Debug|Any CPU.ActiveCfg = Debug|Any CPU
		{2B67FE5A-854F-4F07-8184-6D64CC3BF645}.Debug|Any CPU.Build.0 = Debug|Any CPU
		{2B67FE5A-854F-4F07-8184-6D64CC3BF645}.Release|Any CPU.ActiveCfg = Release|Any CPU
		{2B67FE5A-854F-4F07-8184-6D64CC3BF645}.Release|Any CPU.Build.0 = Release|Any CPU
	EndGlobalSection
	GlobalSection(SolutionProperties) = preSolution
		HideSolutionNode = FALSE
	EndGlobalSection
	GlobalSection(ExtensibilityGlobals) = postSolution
		SolutionGuid = {2C47E4CF-38A8-449F-8FEF-9966C4690B64}
	EndGlobalSection
EndGlobal
