
Microsoft Visual Studio Solution File, Format Version 12.00
# Visual Studio Version 16
VisualStudioVersion = 16.0.30011.22
MinimumVisualStudioVersion = 10.0.40219.1
Project("{9A19103F-16F7-4668-BE54-9A1E7A4F7556}") = "thêm_phan_tu", "Mang2_Xoa_them_phan_tu\thêm_phan_tu.csproj", "{5362E0C5-9AD3-45CF-B66D-BB6972439ECB}"
EndProject
Project("{9A19103F-16F7-4668-BE54-9A1E7A4F7556}") = "Xoa_phan_tu_khoi_mang", "Xoa_phan_tu_khoi_mang\Xoa_phan_tu_khoi_mang.csproj", "{DD8F835C-6880-4EC5-A92F-A3E47494A2F9}"
EndProject
Project("{FAE04EC0-301F-11D3-BF4B-00C04F79EFBC}") = "hienthi100Snt", "hienthi100Snt\hienthi100Snt.csproj", "{5D9B1B9E-FC7D-4DAE-B39D-4ACA482CEF34}"
EndProject
Global
	GlobalSection(SolutionConfigurationPlatforms) = preSolution
		Debug|Any CPU = Debug|Any CPU
		Release|Any CPU = Release|Any CPU
	EndGlobalSection
	GlobalSection(ProjectConfigurationPlatforms) = postSolution
		{5362E0C5-9AD3-45CF-B66D-BB6972439ECB}.Debug|Any CPU.ActiveCfg = Debug|Any CPU
		{5362E0C5-9AD3-45CF-B66D-BB6972439ECB}.Debug|Any CPU.Build.0 = Debug|Any CPU
		{5362E0C5-9AD3-45CF-B66D-BB6972439ECB}.Release|Any CPU.ActiveCfg = Release|Any CPU
		{5362E0C5-9AD3-45CF-B66D-BB6972439ECB}.Release|Any CPU.Build.0 = Release|Any CPU
		{DD8F835C-6880-4EC5-A92F-A3E47494A2F9}.Debug|Any CPU.ActiveCfg = Debug|Any CPU
		{DD8F835C-6880-4EC5-A92F-A3E47494A2F9}.Debug|Any CPU.Build.0 = Debug|Any CPU
		{DD8F835C-6880-4EC5-A92F-A3E47494A2F9}.Release|Any CPU.ActiveCfg = Release|Any CPU
		{DD8F835C-6880-4EC5-A92F-A3E47494A2F9}.Release|Any CPU.Build.0 = Release|Any CPU
		{5D9B1B9E-FC7D-4DAE-B39D-4ACA482CEF34}.Debug|Any CPU.ActiveCfg = Debug|Any CPU
		{5D9B1B9E-FC7D-4DAE-B39D-4ACA482CEF34}.Debug|Any CPU.Build.0 = Debug|Any CPU
		{5D9B1B9E-FC7D-4DAE-B39D-4ACA482CEF34}.Release|Any CPU.ActiveCfg = Release|Any CPU
		{5D9B1B9E-FC7D-4DAE-B39D-4ACA482CEF34}.Release|Any CPU.Build.0 = Release|Any CPU
	EndGlobalSection
	GlobalSection(SolutionProperties) = preSolution
		HideSolutionNode = FALSE
	EndGlobalSection
	GlobalSection(ExtensibilityGlobals) = postSolution
		SolutionGuid = {45E73B2F-E895-45C3-B9F3-FC6636BC4192}
	EndGlobalSection
EndGlobal
