
Microsoft Visual Studio Solution File, Format Version 12.00
# Visual Studio Version 16
VisualStudioVersion = 16.0.30011.22
MinimumVisualStudioVersion = 10.0.40219.1
Project("{FAE04EC0-301F-11D3-BF4B-00C04F79EFBC}") = "ThiMoudel2", "ThiMoudel2\ThiMoudel2.csproj", "{55F18A22-B4DF-4A16-AD9B-A9FA331E2E29}"
EndProject
Project("{FAE04EC0-301F-11D3-BF4B-00C04F79EFBC}") = "Demo", "Demo\Demo.csproj", "{FC44B2AE-8E43-430A-B52A-C9FAD7053F2A}"
EndProject
Global
	GlobalSection(SolutionConfigurationPlatforms) = preSolution
		Debug|Any CPU = Debug|Any CPU
		Release|Any CPU = Release|Any CPU
	EndGlobalSection
	GlobalSection(ProjectConfigurationPlatforms) = postSolution
		{55F18A22-B4DF-4A16-AD9B-A9FA331E2E29}.Debug|Any CPU.ActiveCfg = Debug|Any CPU
		{55F18A22-B4DF-4A16-AD9B-A9FA331E2E29}.Debug|Any CPU.Build.0 = Debug|Any CPU
		{55F18A22-B4DF-4A16-AD9B-A9FA331E2E29}.Release|Any CPU.ActiveCfg = Release|Any CPU
		{55F18A22-B4DF-4A16-AD9B-A9FA331E2E29}.Release|Any CPU.Build.0 = Release|Any CPU
		{FC44B2AE-8E43-430A-B52A-C9FAD7053F2A}.Debug|Any CPU.ActiveCfg = Debug|Any CPU
		{FC44B2AE-8E43-430A-B52A-C9FAD7053F2A}.Debug|Any CPU.Build.0 = Debug|Any CPU
		{FC44B2AE-8E43-430A-B52A-C9FAD7053F2A}.Release|Any CPU.ActiveCfg = Release|Any CPU
		{FC44B2AE-8E43-430A-B52A-C9FAD7053F2A}.Release|Any CPU.Build.0 = Release|Any CPU
	EndGlobalSection
	GlobalSection(SolutionProperties) = preSolution
		HideSolutionNode = FALSE
	EndGlobalSection
	GlobalSection(ExtensibilityGlobals) = postSolution
		SolutionGuid = {A7C60C18-4AD2-408A-8EA1-CF439AA5E626}
	EndGlobalSection
EndGlobal
