
Microsoft Visual Studio Solution File, Format Version 12.00
# Visual Studio Version 16
VisualStudioVersion = 16.0.30011.22
MinimumVisualStudioVersion = 10.0.40219.1
Project("{FAE04EC0-301F-11D3-BF4B-00C04F79EFBC}") = "Songuyento", "Songuyento.csproj", "{1DBF064A-4F71-47EF-9C59-2E1BC84D7E91}"
EndProject
Project("{FAE04EC0-301F-11D3-BF4B-00C04F79EFBC}") = "ConsoleSnt", "..\ConsoleSnt\ConsoleSnt.csproj", "{22B27DE0-B608-4C71-8546-692503E43CDB}"
EndProject
Global
	GlobalSection(SolutionConfigurationPlatforms) = preSolution
		Debug|Any CPU = Debug|Any CPU
		Release|Any CPU = Release|Any CPU
	EndGlobalSection
	GlobalSection(ProjectConfigurationPlatforms) = postSolution
		{1DBF064A-4F71-47EF-9C59-2E1BC84D7E91}.Debug|Any CPU.ActiveCfg = Debug|Any CPU
		{1DBF064A-4F71-47EF-9C59-2E1BC84D7E91}.Debug|Any CPU.Build.0 = Debug|Any CPU
		{1DBF064A-4F71-47EF-9C59-2E1BC84D7E91}.Release|Any CPU.ActiveCfg = Release|Any CPU
		{1DBF064A-4F71-47EF-9C59-2E1BC84D7E91}.Release|Any CPU.Build.0 = Release|Any CPU
		{22B27DE0-B608-4C71-8546-692503E43CDB}.Debug|Any CPU.ActiveCfg = Debug|Any CPU
		{22B27DE0-B608-4C71-8546-692503E43CDB}.Debug|Any CPU.Build.0 = Debug|Any CPU
		{22B27DE0-B608-4C71-8546-692503E43CDB}.Release|Any CPU.ActiveCfg = Release|Any CPU
		{22B27DE0-B608-4C71-8546-692503E43CDB}.Release|Any CPU.Build.0 = Release|Any CPU
	EndGlobalSection
	GlobalSection(SolutionProperties) = preSolution
		HideSolutionNode = FALSE
	EndGlobalSection
	GlobalSection(ExtensibilityGlobals) = postSolution
		SolutionGuid = {188430B1-7894-40DF-8D15-6951FEE30071}
	EndGlobalSection
EndGlobal
