
Microsoft Visual Studio Solution File, Format Version 12.00
# Visual Studio Version 16
VisualStudioVersion = 16.0.30011.22
MinimumVisualStudioVersion = 10.0.40219.1
Project("{9A19103F-16F7-4668-BE54-9A1E7A4F7556}") = "Cau1Kiemtra", "Cau1Kiemtra\Cau1Kiemtra.csproj", "{6C6F12D3-6995-47C5-86FD-3A8C589AA3C5}"
EndProject
Project("{9A19103F-16F7-4668-BE54-9A1E7A4F7556}") = "Cau2Kiemtra", "Cau2Kiemtra\Cau2Kiemtra.csproj", "{5E5D9540-2116-4EF8-9466-D38A73709351}"
EndProject
Project("{9A19103F-16F7-4668-BE54-9A1E7A4F7556}") = "Cau3Kiemtra", "Cau3Kiemtra\Cau3Kiemtra.csproj", "{B559A67B-62C2-493E-AF7A-5A79CDE71F27}"
EndProject
Project("{FAE04EC0-301F-11D3-BF4B-00C04F79EFBC}") = "Cau1Demo", "Cau1Demo\Cau1Demo.csproj", "{B879346A-571A-4D1B-881B-B454B3638FE6}"
EndProject
Global
	GlobalSection(SolutionConfigurationPlatforms) = preSolution
		Debug|Any CPU = Debug|Any CPU
		Release|Any CPU = Release|Any CPU
	EndGlobalSection
	GlobalSection(ProjectConfigurationPlatforms) = postSolution
		{6C6F12D3-6995-47C5-86FD-3A8C589AA3C5}.Debug|Any CPU.ActiveCfg = Debug|Any CPU
		{6C6F12D3-6995-47C5-86FD-3A8C589AA3C5}.Debug|Any CPU.Build.0 = Debug|Any CPU
		{6C6F12D3-6995-47C5-86FD-3A8C589AA3C5}.Release|Any CPU.ActiveCfg = Release|Any CPU
		{6C6F12D3-6995-47C5-86FD-3A8C589AA3C5}.Release|Any CPU.Build.0 = Release|Any CPU
		{5E5D9540-2116-4EF8-9466-D38A73709351}.Debug|Any CPU.ActiveCfg = Debug|Any CPU
		{5E5D9540-2116-4EF8-9466-D38A73709351}.Debug|Any CPU.Build.0 = Debug|Any CPU
		{5E5D9540-2116-4EF8-9466-D38A73709351}.Release|Any CPU.ActiveCfg = Release|Any CPU
		{5E5D9540-2116-4EF8-9466-D38A73709351}.Release|Any CPU.Build.0 = Release|Any CPU
		{B559A67B-62C2-493E-AF7A-5A79CDE71F27}.Debug|Any CPU.ActiveCfg = Debug|Any CPU
		{B559A67B-62C2-493E-AF7A-5A79CDE71F27}.Debug|Any CPU.Build.0 = Debug|Any CPU
		{B559A67B-62C2-493E-AF7A-5A79CDE71F27}.Release|Any CPU.ActiveCfg = Release|Any CPU
		{B559A67B-62C2-493E-AF7A-5A79CDE71F27}.Release|Any CPU.Build.0 = Release|Any CPU
		{B879346A-571A-4D1B-881B-B454B3638FE6}.Debug|Any CPU.ActiveCfg = Debug|Any CPU
		{B879346A-571A-4D1B-881B-B454B3638FE6}.Debug|Any CPU.Build.0 = Debug|Any CPU
		{B879346A-571A-4D1B-881B-B454B3638FE6}.Release|Any CPU.ActiveCfg = Release|Any CPU
		{B879346A-571A-4D1B-881B-B454B3638FE6}.Release|Any CPU.Build.0 = Release|Any CPU
	EndGlobalSection
	GlobalSection(SolutionProperties) = preSolution
		HideSolutionNode = FALSE
	EndGlobalSection
	GlobalSection(ExtensibilityGlobals) = postSolution
		SolutionGuid = {34930B2B-0F99-4264-86DA-5D31245E7D9C}
	EndGlobalSection
EndGlobal
