
Microsoft Visual Studio Solution File, Format Version 12.00
# Visual Studio Version 16
VisualStudioVersion = 16.0.30011.22
MinimumVisualStudioVersion = 10.0.40219.1
Project("{9A19103F-16F7-4668-BE54-9A1E7A4F7556}") = "ExceptDemo", "ExceptDemo\ExceptDemo.csproj", "{916CD775-EFD7-400A-9FF7-EA6E2F0A3855}"
EndProject
Project("{9A19103F-16F7-4668-BE54-9A1E7A4F7556}") = "Baitap1DeMo", "Baitap1DeMo\Baitap1DeMo.csproj", "{DB07A0D6-821B-41DC-9C98-47384B12E8EB}"
EndProject
Project("{FAE04EC0-301F-11D3-BF4B-00C04F79EFBC}") = "Baitap2Demo", "Baitap2Demo\Baitap2Demo.csproj", "{51FF154C-1631-461C-A9E1-DFB4EB81C86F}"
EndProject
Project("{FAE04EC0-301F-11D3-BF4B-00C04F79EFBC}") = "BaitapAnhKhoa", "BaitapAnhKhoa\BaitapAnhKhoa.csproj", "{19B5FE43-0515-45C8-8BC2-423F9DB61B4C}"
EndProject
Global
	GlobalSection(SolutionConfigurationPlatforms) = preSolution
		Debug|Any CPU = Debug|Any CPU
		Release|Any CPU = Release|Any CPU
	EndGlobalSection
	GlobalSection(ProjectConfigurationPlatforms) = postSolution
		{916CD775-EFD7-400A-9FF7-EA6E2F0A3855}.Debug|Any CPU.ActiveCfg = Debug|Any CPU
		{916CD775-EFD7-400A-9FF7-EA6E2F0A3855}.Debug|Any CPU.Build.0 = Debug|Any CPU
		{916CD775-EFD7-400A-9FF7-EA6E2F0A3855}.Release|Any CPU.ActiveCfg = Release|Any CPU
		{916CD775-EFD7-400A-9FF7-EA6E2F0A3855}.Release|Any CPU.Build.0 = Release|Any CPU
		{DB07A0D6-821B-41DC-9C98-47384B12E8EB}.Debug|Any CPU.ActiveCfg = Debug|Any CPU
		{DB07A0D6-821B-41DC-9C98-47384B12E8EB}.Debug|Any CPU.Build.0 = Debug|Any CPU
		{DB07A0D6-821B-41DC-9C98-47384B12E8EB}.Release|Any CPU.ActiveCfg = Release|Any CPU
		{DB07A0D6-821B-41DC-9C98-47384B12E8EB}.Release|Any CPU.Build.0 = Release|Any CPU
		{51FF154C-1631-461C-A9E1-DFB4EB81C86F}.Debug|Any CPU.ActiveCfg = Debug|Any CPU
		{51FF154C-1631-461C-A9E1-DFB4EB81C86F}.Debug|Any CPU.Build.0 = Debug|Any CPU
		{51FF154C-1631-461C-A9E1-DFB4EB81C86F}.Release|Any CPU.ActiveCfg = Release|Any CPU
		{51FF154C-1631-461C-A9E1-DFB4EB81C86F}.Release|Any CPU.Build.0 = Release|Any CPU
		{19B5FE43-0515-45C8-8BC2-423F9DB61B4C}.Debug|Any CPU.ActiveCfg = Debug|Any CPU
		{19B5FE43-0515-45C8-8BC2-423F9DB61B4C}.Debug|Any CPU.Build.0 = Debug|Any CPU
		{19B5FE43-0515-45C8-8BC2-423F9DB61B4C}.Release|Any CPU.ActiveCfg = Release|Any CPU
		{19B5FE43-0515-45C8-8BC2-423F9DB61B4C}.Release|Any CPU.Build.0 = Release|Any CPU
	EndGlobalSection
	GlobalSection(SolutionProperties) = preSolution
		HideSolutionNode = FALSE
	EndGlobalSection
	GlobalSection(ExtensibilityGlobals) = postSolution
		SolutionGuid = {BACF052F-77AA-4100-8BB3-BABB13E26924}
	EndGlobalSection
EndGlobal
